// !$*UTF8*$!
{
	archiveVersion = 1;
	classes = {
	};
	objectVersion = 50;
	objects = {

/* Begin PBXBuildFile section */
		5D013DAA253E021E007DCA01 /* SuffixService.swift in Sources */ = {isa = PBXBuildFile; fileRef = 5D013DA9253E021E007DCA01 /* SuffixService.swift */; };
		5D013DAF253E0547007DCA01 /* SortType.swift in Sources */ = {isa = PBXBuildFile; fileRef = 5D013DAE253E0547007DCA01 /* SortType.swift */; };
		5D2E8E91254ADBB700157A90 /* JobQueue.swift in Sources */ = {isa = PBXBuildFile; fileRef = 5D2E8E90254ADBB700157A90 /* JobQueue.swift */; };
		5D2E8E93254ADBC900157A90 /* JobScheduler.swift in Sources */ = {isa = PBXBuildFile; fileRef = 5D2E8E92254ADBC900157A90 /* JobScheduler.swift */; };
		5D3DD711253D718100B3EE9A /* AppDelegate.swift in Sources */ = {isa = PBXBuildFile; fileRef = 5D3DD710253D718100B3EE9A /* AppDelegate.swift */; };
		5D3DD717253D718200B3EE9A /* Assets.xcassets in Resources */ = {isa = PBXBuildFile; fileRef = 5D3DD716253D718200B3EE9A /* Assets.xcassets */; };
		5D3DD71A253D718200B3EE9A /* Preview Assets.xcassets in Resources */ = {isa = PBXBuildFile; fileRef = 5D3DD719253D718200B3EE9A /* Preview Assets.xcassets */; };
		5D3DD71D253D718200B3EE9A /* LaunchScreen.storyboard in Resources */ = {isa = PBXBuildFile; fileRef = 5D3DD71B253D718200B3EE9A /* LaunchScreen.storyboard */; };
		5D3DD731253D75F200B3EE9A /* ShareViewController.swift in Sources */ = {isa = PBXBuildFile; fileRef = 5D3DD730253D75F200B3EE9A /* ShareViewController.swift */; };
		5D3DD734253D75F200B3EE9A /* MainInterface.storyboard in Resources */ = {isa = PBXBuildFile; fileRef = 5D3DD732253D75F200B3EE9A /* MainInterface.storyboard */; };
		5D3DD738253D75F200B3EE9A /* ShareExtension.appex in Embed App Extensions */ = {isa = PBXBuildFile; fileRef = 5D3DD72E253D75F200B3EE9A /* ShareExtension.appex */; settings = {ATTRIBUTES = (RemoveHeadersOnCopy, ); }; };
		5D3DD73F253D834200B3EE9A /* ContentView.swift in Sources */ = {isa = PBXBuildFile; fileRef = 5D3DD714253D718100B3EE9A /* ContentView.swift */; };
		5D3DD740253D834B00B3EE9A /* ContentViewModel.swift in Sources */ = {isa = PBXBuildFile; fileRef = 5D3DD728253D744400B3EE9A /* ContentViewModel.swift */; };
		5D3DD742253D837000B3EE9A /* SceneDelegate.swift in Sources */ = {isa = PBXBuildFile; fileRef = 5D3DD741253D837000B3EE9A /* SceneDelegate.swift */; };
		5D3DD744253D83C000B3EE9A /* ContentView.swift in Sources */ = {isa = PBXBuildFile; fileRef = 5D3DD743253D83C000B3EE9A /* ContentView.swift */; };
		5D3DD746253D8A3400B3EE9A /* ShareViewModel.swift in Sources */ = {isa = PBXBuildFile; fileRef = 5D3DD745253D8A3400B3EE9A /* ShareViewModel.swift */; };
		5DEA16A8254C0271009A72BA /* UserDefaultsManager.swift in Sources */ = {isa = PBXBuildFile; fileRef = 5DEA16A7254C0271009A72BA /* UserDefaultsManager.swift */; };
		5DEA16AA254C051E009A72BA /* Spinner.swift in Sources */ = {isa = PBXBuildFile; fileRef = 5DEA16A9254C051E009A72BA /* Spinner.swift */; };
		5DEA16AC254C1265009A72BA /* Job.swift in Sources */ = {isa = PBXBuildFile; fileRef = 5DEA16AB254C1265009A72BA /* Job.swift */; };
		5DEA16AE254C1E0A009A72BA /* Color.swift in Sources */ = {isa = PBXBuildFile; fileRef = 5DEA16AD254C1E0A009A72BA /* Color.swift */; };
		5DEA582B253DA73F00542ADD /* SuffixSequence.swift in Sources */ = {isa = PBXBuildFile; fileRef = 5D3DD724253D71B400B3EE9A /* SuffixSequence.swift */; };
		5DEA582C253DA74200542ADD /* SuffixIterator.swift in Sources */ = {isa = PBXBuildFile; fileRef = 5D3DD726253D71BD00B3EE9A /* SuffixIterator.swift */; };
		5DEA582E253DB33A00542ADD /* Suffix.swift in Sources */ = {isa = PBXBuildFile; fileRef = 5DEA582D253DB33A00542ADD /* Suffix.swift */; };
/* End PBXBuildFile section */

/* Begin PBXContainerItemProxy section */
		5D3DD736253D75F200B3EE9A /* PBXContainerItemProxy */ = {
			isa = PBXContainerItemProxy;
			containerPortal = 5D3DD705253D718100B3EE9A /* Project object */;
			proxyType = 1;
			remoteGlobalIDString = 5D3DD72D253D75F200B3EE9A;
			remoteInfo = ShareExtension;
		};
/* End PBXContainerItemProxy section */

/* Begin PBXCopyFilesBuildPhase section */
		5D3DD73C253D75F200B3EE9A /* Embed App Extensions */ = {
			isa = PBXCopyFilesBuildPhase;
			buildActionMask = 2147483647;
			dstPath = "";
			dstSubfolderSpec = 13;
			files = (
				5D3DD738253D75F200B3EE9A /* ShareExtension.appex in Embed App Extensions */,
			);
			name = "Embed App Extensions";
			runOnlyForDeploymentPostprocessing = 0;
		};
/* End PBXCopyFilesBuildPhase section */

/* Begin PBXFileReference section */
		5D013DA9253E021E007DCA01 /* SuffixService.swift */ = {isa = PBXFileReference; lastKnownFileType = sourcecode.swift; path = SuffixService.swift; sourceTree = "<group>"; };
		5D013DAE253E0547007DCA01 /* SortType.swift */ = {isa = PBXFileReference; lastKnownFileType = sourcecode.swift; path = SortType.swift; sourceTree = "<group>"; };
		5D2E8E90254ADBB700157A90 /* JobQueue.swift */ = {isa = PBXFileReference; lastKnownFileType = sourcecode.swift; path = JobQueue.swift; sourceTree = "<group>"; };
		5D2E8E92254ADBC900157A90 /* JobScheduler.swift */ = {isa = PBXFileReference; lastKnownFileType = sourcecode.swift; path = JobScheduler.swift; sourceTree = "<group>"; };
		5D3DD70D253D718100B3EE9A /* SwiftUISuffix.app */ = {isa = PBXFileReference; explicitFileType = wrapper.application; includeInIndex = 0; path = SwiftUISuffix.app; sourceTree = BUILT_PRODUCTS_DIR; };
		5D3DD710253D718100B3EE9A /* AppDelegate.swift */ = {isa = PBXFileReference; lastKnownFileType = sourcecode.swift; path = AppDelegate.swift; sourceTree = "<group>"; };
		5D3DD714253D718100B3EE9A /* ContentView.swift */ = {isa = PBXFileReference; lastKnownFileType = sourcecode.swift; path = ContentView.swift; sourceTree = "<group>"; };
		5D3DD716253D718200B3EE9A /* Assets.xcassets */ = {isa = PBXFileReference; lastKnownFileType = folder.assetcatalog; path = Assets.xcassets; sourceTree = "<group>"; };
		5D3DD719253D718200B3EE9A /* Preview Assets.xcassets */ = {isa = PBXFileReference; lastKnownFileType = folder.assetcatalog; path = "Preview Assets.xcassets"; sourceTree = "<group>"; };
		5D3DD71C253D718200B3EE9A /* Base */ = {isa = PBXFileReference; lastKnownFileType = file.storyboard; name = Base; path = Base.lproj/LaunchScreen.storyboard; sourceTree = "<group>"; };
		5D3DD71E253D718200B3EE9A /* Info.plist */ = {isa = PBXFileReference; lastKnownFileType = text.plist.xml; path = Info.plist; sourceTree = "<group>"; };
		5D3DD724253D71B400B3EE9A /* SuffixSequence.swift */ = {isa = PBXFileReference; lastKnownFileType = sourcecode.swift; path = SuffixSequence.swift; sourceTree = "<group>"; };
		5D3DD726253D71BD00B3EE9A /* SuffixIterator.swift */ = {isa = PBXFileReference; lastKnownFileType = sourcecode.swift; path = SuffixIterator.swift; sourceTree = "<group>"; };
		5D3DD728253D744400B3EE9A /* ContentViewModel.swift */ = {isa = PBXFileReference; lastKnownFileType = sourcecode.swift; path = ContentViewModel.swift; sourceTree = "<group>"; };
		5D3DD72E253D75F200B3EE9A /* ShareExtension.appex */ = {isa = PBXFileReference; explicitFileType = "wrapper.app-extension"; includeInIndex = 0; path = ShareExtension.appex; sourceTree = BUILT_PRODUCTS_DIR; };
		5D3DD730253D75F200B3EE9A /* ShareViewController.swift */ = {isa = PBXFileReference; lastKnownFileType = sourcecode.swift; path = ShareViewController.swift; sourceTree = "<group>"; };
		5D3DD733253D75F200B3EE9A /* Base */ = {isa = PBXFileReference; lastKnownFileType = file.storyboard; name = Base; path = Base.lproj/MainInterface.storyboard; sourceTree = "<group>"; };
		5D3DD735253D75F200B3EE9A /* Info.plist */ = {isa = PBXFileReference; lastKnownFileType = text.plist.xml; path = Info.plist; sourceTree = "<group>"; };
		5D3DD741253D837000B3EE9A /* SceneDelegate.swift */ = {isa = PBXFileReference; fileEncoding = 4; lastKnownFileType = sourcecode.swift; path = SceneDelegate.swift; sourceTree = "<group>"; };
		5D3DD743253D83C000B3EE9A /* ContentView.swift */ = {isa = PBXFileReference; lastKnownFileType = sourcecode.swift; path = ContentView.swift; sourceTree = "<group>"; };
		5D3DD745253D8A3400B3EE9A /* ShareViewModel.swift */ = {isa = PBXFileReference; lastKnownFileType = sourcecode.swift; path = ShareViewModel.swift; sourceTree = "<group>"; };
		5DEA16A7254C0271009A72BA /* UserDefaultsManager.swift */ = {isa = PBXFileReference; lastKnownFileType = sourcecode.swift; path = UserDefaultsManager.swift; sourceTree = "<group>"; };
		5DEA16A9254C051E009A72BA /* Spinner.swift */ = {isa = PBXFileReference; lastKnownFileType = sourcecode.swift; path = Spinner.swift; sourceTree = "<group>"; };
		5DEA16AB254C1265009A72BA /* Job.swift */ = {isa = PBXFileReference; lastKnownFileType = sourcecode.swift; path = Job.swift; sourceTree = "<group>"; };
		5DEA16AD254C1E0A009A72BA /* Color.swift */ = {isa = PBXFileReference; lastKnownFileType = sourcecode.swift; path = Color.swift; sourceTree = "<group>"; };
		5DEA582D253DB33A00542ADD /* Suffix.swift */ = {isa = PBXFileReference; lastKnownFileType = sourcecode.swift; path = Suffix.swift; sourceTree = "<group>"; };
/* End PBXFileReference section */

/* Begin PBXFrameworksBuildPhase section */
		5D3DD70A253D718100B3EE9A /* Frameworks */ = {
			isa = PBXFrameworksBuildPhase;
			buildActionMask = 2147483647;
			files = (
			);
			runOnlyForDeploymentPostprocessing = 0;
		};
		5D3DD72B253D75F200B3EE9A /* Frameworks */ = {
			isa = PBXFrameworksBuildPhase;
			buildActionMask = 2147483647;
			files = (
			);
			runOnlyForDeploymentPostprocessing = 0;
		};
/* End PBXFrameworksBuildPhase section */

/* Begin PBXGroup section */
		5D013DAD253E048A007DCA01 /* Content */ = {
			isa = PBXGroup;
			children = (
				5D3DD728253D744400B3EE9A /* ContentViewModel.swift */,
				5D3DD714253D718100B3EE9A /* ContentView.swift */,
			);
			path = Content;
			sourceTree = "<group>";
		};
		5D2E8E8F254ADBA500157A90 /* Job */ = {
			isa = PBXGroup;
			children = (
				5D2E8E90254ADBB700157A90 /* JobQueue.swift */,
				5D2E8E92254ADBC900157A90 /* JobScheduler.swift */,
				5DEA16AB254C1265009A72BA /* Job.swift */,
			);
			path = Job;
			sourceTree = "<group>";
		};
		5D3DD704253D718100B3EE9A = {
			isa = PBXGroup;
			children = (
				5D3DD70F253D718100B3EE9A /* SwiftUISuffix */,
				5D3DD72F253D75F200B3EE9A /* ShareExtension */,
				5D3DD70E253D718100B3EE9A /* Products */,
			);
			sourceTree = "<group>";
		};
		5D3DD70E253D718100B3EE9A /* Products */ = {
			isa = PBXGroup;
			children = (
				5D3DD70D253D718100B3EE9A /* SwiftUISuffix.app */,
				5D3DD72E253D75F200B3EE9A /* ShareExtension.appex */,
			);
			name = Products;
			sourceTree = "<group>";
		};
		5D3DD70F253D718100B3EE9A /* SwiftUISuffix */ = {
			isa = PBXGroup;
			children = (
				5D3DD741253D837000B3EE9A /* SceneDelegate.swift */,
				5D3DD710253D718100B3EE9A /* AppDelegate.swift */,
				5D3DD716253D718200B3EE9A /* Assets.xcassets */,
				5D3DD71B253D718200B3EE9A /* LaunchScreen.storyboard */,
				5D3DD71E253D718200B3EE9A /* Info.plist */,
				5D3DD718253D718200B3EE9A /* Preview Content */,
				5D3DD743253D83C000B3EE9A /* ContentView.swift */,
			);
			path = SwiftUISuffix;
			sourceTree = "<group>";
		};
		5D3DD718253D718200B3EE9A /* Preview Content */ = {
			isa = PBXGroup;
			children = (
				5D3DD719253D718200B3EE9A /* Preview Assets.xcassets */,
			);
			path = "Preview Content";
			sourceTree = "<group>";
		};
		5D3DD72F253D75F200B3EE9A /* ShareExtension */ = {
			isa = PBXGroup;
			children = (
				5D2E8E8F254ADBA500157A90 /* Job */,
				5D013DAD253E048A007DCA01 /* Content */,
				5DEA582A253DA73500542ADD /* Suffix */,
				5D3DD730253D75F200B3EE9A /* ShareViewController.swift */,
				5D3DD732253D75F200B3EE9A /* MainInterface.storyboard */,
				5D3DD735253D75F200B3EE9A /* Info.plist */,
				5D3DD745253D8A3400B3EE9A /* ShareViewModel.swift */,
				5D013DAE253E0547007DCA01 /* SortType.swift */,
				5DEA16A7254C0271009A72BA /* UserDefaultsManager.swift */,
				5DEA16A9254C051E009A72BA /* Spinner.swift */,
				5DEA16AD254C1E0A009A72BA /* Color.swift */,
			);
			path = ShareExtension;
			sourceTree = "<group>";
		};
		5DEA582A253DA73500542ADD /* Suffix */ = {
			isa = PBXGroup;
			children = (
				5D3DD724253D71B400B3EE9A /* SuffixSequence.swift */,
				5D3DD726253D71BD00B3EE9A /* SuffixIterator.swift */,
				5DEA582D253DB33A00542ADD /* Suffix.swift */,
				5D013DA9253E021E007DCA01 /* SuffixService.swift */,
			);
			path = Suffix;
			sourceTree = "<group>";
		};
/* End PBXGroup section */

/* Begin PBXNativeTarget section */
		5D3DD70C253D718100B3EE9A /* SwiftUISuffix */ = {
			isa = PBXNativeTarget;
			buildConfigurationList = 5D3DD721253D718200B3EE9A /* Build configuration list for PBXNativeTarget "SwiftUISuffix" */;
			buildPhases = (
				5D3DD709253D718100B3EE9A /* Sources */,
				5D3DD70A253D718100B3EE9A /* Frameworks */,
				5D3DD70B253D718100B3EE9A /* Resources */,
				5D3DD73C253D75F200B3EE9A /* Embed App Extensions */,
			);
			buildRules = (
			);
			dependencies = (
				5D3DD737253D75F200B3EE9A /* PBXTargetDependency */,
			);
			name = SwiftUISuffix;
			productName = SwiftUISuffix;
			productReference = 5D3DD70D253D718100B3EE9A /* SwiftUISuffix.app */;
			productType = "com.apple.product-type.application";
		};
		5D3DD72D253D75F200B3EE9A /* ShareExtension */ = {
			isa = PBXNativeTarget;
			buildConfigurationList = 5D3DD739253D75F200B3EE9A /* Build configuration list for PBXNativeTarget "ShareExtension" */;
			buildPhases = (
				5D3DD72A253D75F200B3EE9A /* Sources */,
				5D3DD72B253D75F200B3EE9A /* Frameworks */,
				5D3DD72C253D75F200B3EE9A /* Resources */,
			);
			buildRules = (
			);
			dependencies = (
			);
			name = ShareExtension;
			productName = ShareExtension;
			productReference = 5D3DD72E253D75F200B3EE9A /* ShareExtension.appex */;
			productType = "com.apple.product-type.app-extension";
		};
/* End PBXNativeTarget section */

/* Begin PBXProject section */
		5D3DD705253D718100B3EE9A /* Project object */ = {
			isa = PBXProject;
			attributes = {
				LastSwiftUpdateCheck = 1150;
				LastUpgradeCheck = 1150;
				ORGANIZATIONNAME = "Анастасия";
				TargetAttributes = {
					5D3DD70C253D718100B3EE9A = {
						CreatedOnToolsVersion = 11.5;
					};
					5D3DD72D253D75F200B3EE9A = {
						CreatedOnToolsVersion = 11.5;
					};
				};
			};
			buildConfigurationList = 5D3DD708253D718100B3EE9A /* Build configuration list for PBXProject "SwiftUISuffix" */;
			compatibilityVersion = "Xcode 9.3";
			developmentRegion = en;
			hasScannedForEncodings = 0;
			knownRegions = (
				en,
				Base,
			);
			mainGroup = 5D3DD704253D718100B3EE9A;
			productRefGroup = 5D3DD70E253D718100B3EE9A /* Products */;
			projectDirPath = "";
			projectRoot = "";
			targets = (
				5D3DD70C253D718100B3EE9A /* SwiftUISuffix */,
				5D3DD72D253D75F200B3EE9A /* ShareExtension */,
			);
		};
/* End PBXProject section */

/* Begin PBXResourcesBuildPhase section */
		5D3DD70B253D718100B3EE9A /* Resources */ = {
			isa = PBXResourcesBuildPhase;
			buildActionMask = 2147483647;
			files = (
				5D3DD71D253D718200B3EE9A /* LaunchScreen.storyboard in Resources */,
				5D3DD71A253D718200B3EE9A /* Preview Assets.xcassets in Resources */,
				5D3DD717253D718200B3EE9A /* Assets.xcassets in Resources */,
			);
			runOnlyForDeploymentPostprocessing = 0;
		};
		5D3DD72C253D75F200B3EE9A /* Resources */ = {
			isa = PBXResourcesBuildPhase;
			buildActionMask = 2147483647;
			files = (
				5D3DD734253D75F200B3EE9A /* MainInterface.storyboard in Resources */,
			);
			runOnlyForDeploymentPostprocessing = 0;
		};
/* End PBXResourcesBuildPhase section */

/* Begin PBXSourcesBuildPhase section */
		5D3DD709253D718100B3EE9A /* Sources */ = {
			isa = PBXSourcesBuildPhase;
			buildActionMask = 2147483647;
			files = (
				5D3DD742253D837000B3EE9A /* SceneDelegate.swift in Sources */,
				5D3DD744253D83C000B3EE9A /* ContentView.swift in Sources */,
				5D3DD711253D718100B3EE9A /* AppDelegate.swift in Sources */,
			);
			runOnlyForDeploymentPostprocessing = 0;
		};
		5D3DD72A253D75F200B3EE9A /* Sources */ = {
			isa = PBXSourcesBuildPhase;
			buildActionMask = 2147483647;
			files = (
				5D3DD73F253D834200B3EE9A /* ContentView.swift in Sources */,
				5D3DD731253D75F200B3EE9A /* ShareViewController.swift in Sources */,
				5DEA16A8254C0271009A72BA /* UserDefaultsManager.swift in Sources */,
				5DEA582E253DB33A00542ADD /* Suffix.swift in Sources */,
				5DEA16AE254C1E0A009A72BA /* Color.swift in Sources */,
				5DEA16AA254C051E009A72BA /* Spinner.swift in Sources */,
				5DEA16AC254C1265009A72BA /* Job.swift in Sources */,
				5DEA582B253DA73F00542ADD /* SuffixSequence.swift in Sources */,
				5D013DAF253E0547007DCA01 /* SortType.swift in Sources */,
				5D2E8E91254ADBB700157A90 /* JobQueue.swift in Sources */,
				5D013DAA253E021E007DCA01 /* SuffixService.swift in Sources */,
				5D3DD746253D8A3400B3EE9A /* ShareViewModel.swift in Sources */,
				5DEA582C253DA74200542ADD /* SuffixIterator.swift in Sources */,
				5D2E8E93254ADBC900157A90 /* JobScheduler.swift in Sources */,
				5D3DD740253D834B00B3EE9A /* ContentViewModel.swift in Sources */,
			);
			runOnlyForDeploymentPostprocessing = 0;
		};
/* End PBXSourcesBuildPhase section */

/* Begin PBXTargetDependency section */
		5D3DD737253D75F200B3EE9A /* PBXTargetDependency */ = {
			isa = PBXTargetDependency;
			target = 5D3DD72D253D75F200B3EE9A /* ShareExtension */;
			targetProxy = 5D3DD736253D75F200B3EE9A /* PBXContainerItemProxy */;
		};
/* End PBXTargetDependency section */

/* Begin PBXVariantGroup section */
		5D3DD71B253D718200B3EE9A /* LaunchScreen.storyboard */ = {
			isa = PBXVariantGroup;
			children = (
				5D3DD71C253D718200B3EE9A /* Base */,
			);
			name = LaunchScreen.storyboard;
			sourceTree = "<group>";
		};
		5D3DD732253D75F200B3EE9A /* MainInterface.storyboard */ = {
			isa = PBXVariantGroup;
			children = (
				5D3DD733253D75F200B3EE9A /* Base */,
			);
			name = MainInterface.storyboard;
			sourceTree = "<group>";
		};
/* End PBXVariantGroup section */

/* Begin XCBuildConfiguration section */
		5D3DD71F253D718200B3EE9A /* Debug */ = {
			isa = XCBuildConfiguration;
			buildSettings = {
				ALWAYS_SEARCH_USER_PATHS = NO;
				CLANG_ANALYZER_NONNULL = YES;
				CLANG_ANALYZER_NUMBER_OBJECT_CONVERSION = YES_AGGRESSIVE;
				CLANG_CXX_LANGUAGE_STANDARD = "gnu++14";
				CLANG_CXX_LIBRARY = "libc++";
				CLANG_ENABLE_MODULES = YES;
				CLANG_ENABLE_OBJC_ARC = YES;
				CLANG_ENABLE_OBJC_WEAK = YES;
				CLANG_WARN_BLOCK_CAPTURE_AUTORELEASING = YES;
				CLANG_WARN_BOOL_CONVERSION = YES;
				CLANG_WARN_COMMA = YES;
				CLANG_WARN_CONSTANT_CONVERSION = YES;
				CLANG_WARN_DEPRECATED_OBJC_IMPLEMENTATIONS = YES;
				CLANG_WARN_DIRECT_OBJC_ISA_USAGE = YES_ERROR;
				CLANG_WARN_DOCUMENTATION_COMMENTS = YES;
				CLANG_WARN_EMPTY_BODY = YES;
				CLANG_WARN_ENUM_CONVERSION = YES;
				CLANG_WARN_INFINITE_RECURSION = YES;
				CLANG_WARN_INT_CONVERSION = YES;
				CLANG_WARN_NON_LITERAL_NULL_CONVERSION = YES;
				CLANG_WARN_OBJC_IMPLICIT_RETAIN_SELF = YES;
				CLANG_WARN_OBJC_LITERAL_CONVERSION = YES;
				CLANG_WARN_OBJC_ROOT_CLASS = YES_ERROR;
				CLANG_WARN_RANGE_LOOP_ANALYSIS = YES;
				CLANG_WARN_STRICT_PROTOTYPES = YES;
				CLANG_WARN_SUSPICIOUS_MOVE = YES;
				CLANG_WARN_UNGUARDED_AVAILABILITY = YES_AGGRESSIVE;
				CLANG_WARN_UNREACHABLE_CODE = YES;
				CLANG_WARN__DUPLICATE_METHOD_MATCH = YES;
				COPY_PHASE_STRIP = NO;
				DEBUG_INFORMATION_FORMAT = dwarf;
				ENABLE_STRICT_OBJC_MSGSEND = YES;
				ENABLE_TESTABILITY = YES;
				GCC_C_LANGUAGE_STANDARD = gnu11;
				GCC_DYNAMIC_NO_PIC = NO;
				GCC_NO_COMMON_BLOCKS = YES;
				GCC_OPTIMIZATION_LEVEL = 0;
				GCC_PREPROCESSOR_DEFINITIONS = (
					"DEBUG=1",
					"$(inherited)",
				);
				GCC_WARN_64_TO_32_BIT_CONVERSION = YES;
				GCC_WARN_ABOUT_RETURN_TYPE = YES_ERROR;
				GCC_WARN_UNDECLARED_SELECTOR = YES;
				GCC_WARN_UNINITIALIZED_AUTOS = YES_AGGRESSIVE;
				GCC_WARN_UNUSED_FUNCTION = YES;
				GCC_WARN_UNUSED_VARIABLE = YES;
				IPHONEOS_DEPLOYMENT_TARGET = 13.5;
				MTL_ENABLE_DEBUG_INFO = INCLUDE_SOURCE;
				MTL_FAST_MATH = YES;
				ONLY_ACTIVE_ARCH = YES;
				SDKROOT = iphoneos;
				SWIFT_ACTIVE_COMPILATION_CONDITIONS = DEBUG;
				SWIFT_OPTIMIZATION_LEVEL = "-Onone";
			};
			name = Debug;
		};
		5D3DD720253D718200B3EE9A /* Release */ = {
			isa = XCBuildConfiguration;
			buildSettings = {
				ALWAYS_SEARCH_USER_PATHS = NO;
				CLANG_ANALYZER_NONNULL = YES;
				CLANG_ANALYZER_NUMBER_OBJECT_CONVERSION = YES_AGGRESSIVE;
				CLANG_CXX_LANGUAGE_STANDARD = "gnu++14";
				CLANG_CXX_LIBRARY = "libc++";
				CLANG_ENABLE_MODULES = YES;
				CLANG_ENABLE_OBJC_ARC = YES;
				CLANG_ENABLE_OBJC_WEAK = YES;
				CLANG_WARN_BLOCK_CAPTURE_AUTORELEASING = YES;
				CLANG_WARN_BOOL_CONVERSION = YES;
				CLANG_WARN_COMMA = YES;
				CLANG_WARN_CONSTANT_CONVERSION = YES;
				CLANG_WARN_DEPRECATED_OBJC_IMPLEMENTATIONS = YES;
				CLANG_WARN_DIRECT_OBJC_ISA_USAGE = YES_ERROR;
				CLANG_WARN_DOCUMENTATION_COMMENTS = YES;
				CLANG_WARN_EMPTY_BODY = YES;
				CLANG_WARN_ENUM_CONVERSION = YES;
				CLANG_WARN_INFINITE_RECURSION = YES;
				CLANG_WARN_INT_CONVERSION = YES;
				CLANG_WARN_NON_LITERAL_NULL_CONVERSION = YES;
				CLANG_WARN_OBJC_IMPLICIT_RETAIN_SELF = YES;
				CLANG_WARN_OBJC_LITERAL_CONVERSION = YES;
				CLANG_WARN_OBJC_ROOT_CLASS = YES_ERROR;
				CLANG_WARN_RANGE_LOOP_ANALYSIS = YES;
				CLANG_WARN_STRICT_PROTOTYPES = YES;
				CLANG_WARN_SUSPICIOUS_MOVE = YES;
				CLANG_WARN_UNGUARDED_AVAILABILITY = YES_AGGRESSIVE;
				CLANG_WARN_UNREACHABLE_CODE = YES;
				CLANG_WARN__DUPLICATE_METHOD_MATCH = YES;
				COPY_PHASE_STRIP = NO;
				DEBUG_INFORMATION_FORMAT = "dwarf-with-dsym";
				ENABLE_NS_ASSERTIONS = NO;
				ENABLE_STRICT_OBJC_MSGSEND = YES;
				GCC_C_LANGUAGE_STANDARD = gnu11;
				GCC_NO_COMMON_BLOCKS = YES;
				GCC_WARN_64_TO_32_BIT_CONVERSION = YES;
				GCC_WARN_ABOUT_RETURN_TYPE = YES_ERROR;
				GCC_WARN_UNDECLARED_SELECTOR = YES;
				GCC_WARN_UNINITIALIZED_AUTOS = YES_AGGRESSIVE;
				GCC_WARN_UNUSED_FUNCTION = YES;
				GCC_WARN_UNUSED_VARIABLE = YES;
				IPHONEOS_DEPLOYMENT_TARGET = 13.5;
				MTL_ENABLE_DEBUG_INFO = NO;
				MTL_FAST_MATH = YES;
				SDKROOT = iphoneos;
				SWIFT_COMPILATION_MODE = wholemodule;
				SWIFT_OPTIMIZATION_LEVEL = "-O";
				VALIDATE_PRODUCT = YES;
			};
			name = Release;
		};
		5D3DD722253D718200B3EE9A /* Debug */ = {
			isa = XCBuildConfiguration;
			buildSettings = {
				ALWAYS_EMBED_SWIFT_STANDARD_LIBRARIES = YES;
				ASSETCATALOG_COMPILER_APPICON_NAME = AppIcon;
				CODE_SIGN_STYLE = Automatic;
				DEVELOPMENT_ASSET_PATHS = "\"SwiftUISuffix/Preview Content\"";
				DEVELOPMENT_TEAM = 5WLRHKL28G;
				ENABLE_PREVIEWS = YES;
				INFOPLIST_FILE = SwiftUISuffix/Info.plist;
				LD_RUNPATH_SEARCH_PATHS = (
					"$(inherited)",
					"@executable_path/Frameworks",
				);
				PRODUCT_BUNDLE_IDENTIFIER = ru.nastya.goeva.SwiftUISuffix;
				PRODUCT_NAME = "$(TARGET_NAME)";
				SWIFT_VERSION = 5.0;
				TARGETED_DEVICE_FAMILY = "1,2";
			};
			name = Debug;
		};
		5D3DD723253D718200B3EE9A /* Release */ = {
			isa = XCBuildConfiguration;
			buildSettings = {
				ALWAYS_EMBED_SWIFT_STANDARD_LIBRARIES = YES;
				ASSETCATALOG_COMPILER_APPICON_NAME = AppIcon;
				CODE_SIGN_STYLE = Automatic;
				DEVELOPMENT_ASSET_PATHS = "\"SwiftUISuffix/Preview Content\"";
				DEVELOPMENT_TEAM = 5WLRHKL28G;
				ENABLE_PREVIEWS = YES;
				INFOPLIST_FILE = SwiftUISuffix/Info.plist;
				LD_RUNPATH_SEARCH_PATHS = (
					"$(inherited)",
					"@executable_path/Frameworks",
				);
				PRODUCT_BUNDLE_IDENTIFIER = ru.nastya.goeva.SwiftUISuffix;
				PRODUCT_NAME = "$(TARGET_NAME)";
				SWIFT_VERSION = 5.0;
				TARGETED_DEVICE_FAMILY = "1,2";
			};
			name = Release;
		};
		5D3DD73A253D75F200B3EE9A /* Debug */ = {
			isa = XCBuildConfiguration;
			buildSettings = {
				CODE_SIGN_STYLE = Automatic;
				DEVELOPMENT_TEAM = 5WLRHKL28G;
				INFOPLIST_FILE = ShareExtension/Info.plist;
				LD_RUNPATH_SEARCH_PATHS = (
					"$(inherited)",
					"@executable_path/Frameworks",
					"@executable_path/../../Frameworks",
				);
				PRODUCT_BUNDLE_IDENTIFIER = ru.nastya.goeva.SwiftUISuffix.ShareExtension;
				PRODUCT_NAME = "$(TARGET_NAME)";
				SKIP_INSTALL = YES;
				SWIFT_VERSION = 5.0;
				TARGETED_DEVICE_FAMILY = "1,2";
			};
			name = Debug;
		};
		5D3DD73B253D75F200B3EE9A /* Release */ = {
			isa = XCBuildConfiguration;
			buildSettings = {
				CODE_SIGN_STYLE = Automatic;
				DEVELOPMENT_TEAM = 5WLRHKL28G;
				INFOPLIST_FILE = ShareExtension/Info.plist;
				LD_RUNPATH_SEARCH_PATHS = (
					"$(inherited)",
					"@executable_path/Frameworks",
					"@executable_path/../../Frameworks",
				);
				PRODUCT_BUNDLE_IDENTIFIER = ru.nastya.goeva.SwiftUISuffix.ShareExtension;
				PRODUCT_NAME = "$(TARGET_NAME)";
				SKIP_INSTALL = YES;
				SWIFT_VERSION = 5.0;
				TARGETED_DEVICE_FAMILY = "1,2";
			};
			name = Release;
		};
/* End XCBuildConfiguration section */

/* Begin XCConfigurationList section */
		5D3DD708253D718100B3EE9A /* Build configuration list for PBXProject "SwiftUISuffix" */ = {
			isa = XCConfigurationList;
			buildConfigurations = (
				5D3DD71F253D718200B3EE9A /* Debug */,
				5D3DD720253D718200B3EE9A /* Release */,
			);
			defaultConfigurationIsVisible = 0;
			defaultConfigurationName = Release;
		};
		5D3DD721253D718200B3EE9A /* Build configuration list for PBXNativeTarget "SwiftUISuffix" */ = {
			isa = XCConfigurationList;
			buildConfigurations = (
				5D3DD722253D718200B3EE9A /* Debug */,
				5D3DD723253D718200B3EE9A /* Release */,
			);
			defaultConfigurationIsVisible = 0;
			defaultConfigurationName = Release;
		};
		5D3DD739253D75F200B3EE9A /* Build configuration list for PBXNativeTarget "ShareExtension" */ = {
			isa = XCConfigurationList;
			buildConfigurations = (
				5D3DD73A253D75F200B3EE9A /* Debug */,
				5D3DD73B253D75F200B3EE9A /* Release */,
			);
			defaultConfigurationIsVisible = 0;
			defaultConfigurationName = Release;
		};
/* End XCConfigurationList section */
	};
	rootObject = 5D3DD705253D718100B3EE9A /* Project object */;
}
